
Microsoft Visual Studio Solution File, Format Version 12.00
# Visual Studio 15
VisualStudioVersion = 15.0.28307.705
MinimumVisualStudioVersion = 10.0.40219.1
Project("{9A19103F-16F7-4668-BE54-9A1E7A4F7556}") = "PhoneBook", "PhoneBook\PhoneBook.csproj", "{B42DCF72-F57C-496A-9FF9-BFEFD28CA219}"
EndProject
Project("{9A19103F-16F7-4668-BE54-9A1E7A4F7556}") = "DataLayer", "DataLayer\DataLayer.csproj", "{E92DB136-A977-4392-AE05-DEF4F92183CB}"
EndProject
Project("{9A19103F-16F7-4668-BE54-9A1E7A4F7556}") = "ServiceLayer", "ServiceLayer\ServiceLayer.csproj", "{3455CC22-2537-4116-B458-8511909B2561}"
EndProject
Project("{9A19103F-16F7-4668-BE54-9A1E7A4F7556}") = "BusinessLayer", "BusinessLayer\BusinessLayer.csproj", "{066730B2-2A1F-49C7-8BCD-6A5B937F75E2}"
EndProject
Global
	GlobalSection(SolutionConfigurationPlatforms) = preSolution
		Debug|Any CPU = Debug|Any CPU
		Release|Any CPU = Release|Any CPU
	EndGlobalSection
	GlobalSection(ProjectConfigurationPlatforms) = postSolution
		{B42DCF72-F57C-496A-9FF9-BFEFD28CA219}.Debug|Any CPU.ActiveCfg = Debug|Any CPU
		{B42DCF72-F57C-496A-9FF9-BFEFD28CA219}.Debug|Any CPU.Build.0 = Debug|Any CPU
		{B42DCF72-F57C-496A-9FF9-BFEFD28CA219}.Release|Any CPU.ActiveCfg = Release|Any CPU
		{B42DCF72-F57C-496A-9FF9-BFEFD28CA219}.Release|Any CPU.Build.0 = Release|Any CPU
		{E92DB136-A977-4392-AE05-DEF4F92183CB}.Debug|Any CPU.ActiveCfg = Debug|Any CPU
		{E92DB136-A977-4392-AE05-DEF4F92183CB}.Debug|Any CPU.Build.0 = Debug|Any CPU
		{E92DB136-A977-4392-AE05-DEF4F92183CB}.Release|Any CPU.ActiveCfg = Release|Any CPU
		{E92DB136-A977-4392-AE05-DEF4F92183CB}.Release|Any CPU.Build.0 = Release|Any CPU
		{3455CC22-2537-4116-B458-8511909B2561}.Debug|Any CPU.ActiveCfg = Debug|Any CPU
		{3455CC22-2537-4116-B458-8511909B2561}.Debug|Any CPU.Build.0 = Debug|Any CPU
		{3455CC22-2537-4116-B458-8511909B2561}.Release|Any CPU.ActiveCfg = Release|Any CPU
		{3455CC22-2537-4116-B458-8511909B2561}.Release|Any CPU.Build.0 = Release|Any CPU
		{066730B2-2A1F-49C7-8BCD-6A5B937F75E2}.Debug|Any CPU.ActiveCfg = Debug|Any CPU
		{066730B2-2A1F-49C7-8BCD-6A5B937F75E2}.Debug|Any CPU.Build.0 = Debug|Any CPU
		{066730B2-2A1F-49C7-8BCD-6A5B937F75E2}.Release|Any CPU.ActiveCfg = Release|Any CPU
		{066730B2-2A1F-49C7-8BCD-6A5B937F75E2}.Release|Any CPU.Build.0 = Release|Any CPU
	EndGlobalSection
	GlobalSection(SolutionProperties) = preSolution
		HideSolutionNode = FALSE
	EndGlobalSection
	GlobalSection(ExtensibilityGlobals) = postSolution
		SolutionGuid = {460EEE31-EA84-4F13-B83E-5EB0E6360660}
	EndGlobalSection
EndGlobal
